{
    "_meta": {
        "hash": {
            "sha256": "2ea870d7a75dc67d5b8782b745564c5fa49b3ced7236d1717138bb2fc6115d87"
        },
        "pipfile-spec": 6,
        "requires": {
            "python_version": "3.7"
        },
        "sources": [
            {
                "name": "pypi",
                "url": "https://pypi.org/simple",
                "verify_ssl": true
            }
        ]
    },
    "default": {
        "feedparser": {
            "hashes": [
                "sha256:5acdfc9a65d4c11eb3defa06c0ac40e459f0c5a3192be65f9f376c04288a68b4",
                "sha256:bd030652c2d08532c034c27fcd7c85868e7fa3cb2b17f230a44a6bbc92519bf9",
                "sha256:cd2485472e41471632ed3029d44033ee420ad0b57111db95c240c9160a85831c",
                "sha256:ce875495c90ebd74b179855449040003a1beb40cd13d5f037a0654251e260b02"
            ],
            "version": "==5.2.1"
        },
        "html2text": {
            "hashes": [
                "sha256:490db40fe5b2cd79c461cf56be4d39eb8ca68191ae41ba3ba79f6cb05b7dd662",
                "sha256:627514fb30e7566b37be6900df26c2c78a030cc9e6211bda604d8181233bcdd4"
            ],
            "version": "==2018.1.9"
        },
        "importlib-resources": {
            "hashes": [
                "sha256:6e2783b2538bd5a14678284a3962b0660c715e5a0f10243fd5e00a4b5974f50b",
                "sha256:d3279fd0f6f847cced9f7acc19bd3e5df54d34f93a2e7bb5f238f81545787078"
            ],
            "version": "==1.0.2"
        },
        "realpython-reader": {
            "hashes": [
                "sha256:a3fabdf354dfdbeceff8342d9a7913ce6719a0d302d0bdb7aa7d6a0f06d20da3",
                "sha256:f756392d7bc6430dffe0f802c08fc345249acb7c6557a9c7a1f7d930c20a5eae"
            ],
            "index": "pypi",
            "version": "==1.0.0"
        },
        "typing": {
            "hashes": [
                "sha256:4027c5f6127a6267a435201981ba156de91ad0d1d98e9ddc2aa173453453492d",
                "sha256:57dcf675a99b74d64dacf6fba08fb17cf7e3d5fdff53d4a30ea2a5e7e52543d4",
                "sha256:a4c8473ce11a65999c8f59cb093e70686b6c84c98df58c1dae9b3b196089858a"
            ],
            "version": "==3.6.6"
        }
    },
    "develop": {}
}
